
Microsoft Visual Studio Solution File, Format Version 12.00
# Visual Studio Version 17
VisualStudioVersion = 17.5.33516.290
MinimumVisualStudioVersion = 10.0.40219.1
Project("{FAE04EC0-301F-11D3-BF4B-00C04F79EFBC}") = "WpfControlSamples", "WpfControlSamples\WpfControlSamples.csproj", "{741AFF90-D18B-43C7-9BBE-0032C1DDE176}"
EndProject
Project("{9A19103F-16F7-4668-BE54-9A1E7A4F7556}") = "WpfControlTest", "WpfControlTest\WpfControlTest.csproj", "{752383D9-26EA-4FA3-B3C1-271C742F0B47}"
EndProject
Project("{FAE04EC0-301F-11D3-BF4B-00C04F79EFBC}") = "WpfTreeViewTest1", "WpfTreeViewTest1\WpfTreeViewTest1.csproj", "{2388C457-6B7D-4BA9-860C-30664B81FFF8}"
EndProject
Global
	GlobalSection(SolutionConfigurationPlatforms) = preSolution
		Debug|Any CPU = Debug|Any CPU
		Release|Any CPU = Release|Any CPU
	EndGlobalSection
	GlobalSection(ProjectConfigurationPlatforms) = postSolution
		{741AFF90-D18B-43C7-9BBE-0032C1DDE176}.Debug|Any CPU.ActiveCfg = Debug|Any CPU
		{741AFF90-D18B-43C7-9BBE-0032C1DDE176}.Debug|Any CPU.Build.0 = Debug|Any CPU
		{741AFF90-D18B-43C7-9BBE-0032C1DDE176}.Release|Any CPU.ActiveCfg = Release|Any CPU
		{741AFF90-D18B-43C7-9BBE-0032C1DDE176}.Release|Any CPU.Build.0 = Release|Any CPU
		{752383D9-26EA-4FA3-B3C1-271C742F0B47}.Debug|Any CPU.ActiveCfg = Debug|Any CPU
		{752383D9-26EA-4FA3-B3C1-271C742F0B47}.Debug|Any CPU.Build.0 = Debug|Any CPU
		{752383D9-26EA-4FA3-B3C1-271C742F0B47}.Release|Any CPU.ActiveCfg = Release|Any CPU
		{752383D9-26EA-4FA3-B3C1-271C742F0B47}.Release|Any CPU.Build.0 = Release|Any CPU
		{2388C457-6B7D-4BA9-860C-30664B81FFF8}.Debug|Any CPU.ActiveCfg = Debug|Any CPU
		{2388C457-6B7D-4BA9-860C-30664B81FFF8}.Debug|Any CPU.Build.0 = Debug|Any CPU
		{2388C457-6B7D-4BA9-860C-30664B81FFF8}.Release|Any CPU.ActiveCfg = Release|Any CPU
		{2388C457-6B7D-4BA9-860C-30664B81FFF8}.Release|Any CPU.Build.0 = Release|Any CPU
	EndGlobalSection
	GlobalSection(SolutionProperties) = preSolution
		HideSolutionNode = FALSE
	EndGlobalSection
	GlobalSection(ExtensibilityGlobals) = postSolution
		SolutionGuid = {02AD0E57-37A2-4154-9AD4-C11EEA337AB9}
	EndGlobalSection
EndGlobal
